
Microsoft Visual Studio Solution File, Format Version 12.00
# Visual Studio Version 16
VisualStudioVersion = 16.0.30717.126
MinimumVisualStudioVersion = 10.0.40219.1
Project("{FAE04EC0-301F-11D3-BF4B-00C04F79EFBC}") = "Menghi.Massimo.4H.Data", "Menghi.Massimo.4H.Data\Menghi.Massimo.4H.Data.csproj", "{FC4161DA-E1CC-400F-AD76-C54C1F4CB3BE}"
EndProject
Global
	GlobalSection(SolutionConfigurationPlatforms) = preSolution
		Debug|Any CPU = Debug|Any CPU
		Release|Any CPU = Release|Any CPU
	EndGlobalSection
	GlobalSection(ProjectConfigurationPlatforms) = postSolution
		{FC4161DA-E1CC-400F-AD76-C54C1F4CB3BE}.Debug|Any CPU.ActiveCfg = Debug|Any CPU
		{FC4161DA-E1CC-400F-AD76-C54C1F4CB3BE}.Debug|Any CPU.Build.0 = Debug|Any CPU
		{FC4161DA-E1CC-400F-AD76-C54C1F4CB3BE}.Release|Any CPU.ActiveCfg = Release|Any CPU
		{FC4161DA-E1CC-400F-AD76-C54C1F4CB3BE}.Release|Any CPU.Build.0 = Release|Any CPU
	EndGlobalSection
	GlobalSection(SolutionProperties) = preSolution
		HideSolutionNode = FALSE
	EndGlobalSection
	GlobalSection(ExtensibilityGlobals) = postSolution
		SolutionGuid = {2FA3A8C8-83DA-4690-9C8C-01C2C00C3324}
	EndGlobalSection
EndGlobal
